
Microsoft Visual Studio Solution File, Format Version 12.00
# Visual Studio 15
VisualStudioVersion = 15.0.28307.757
MinimumVisualStudioVersion = 10.0.40219.1
Project("{FAE04EC0-301F-11D3-BF4B-00C04F79EFBC}") = "APISistemaAbastecimiento", "APISistemaAbastecimiento\APISistemaAbastecimiento.csproj", "{5C8C6B93-856A-4898-94FC-4F13A180B356}"
EndProject
Project("{FAE04EC0-301F-11D3-BF4B-00C04F79EFBC}") = "PortalWeb", "PortalWeb\PortalWeb.csproj", "{58494B55-0D78-42D2-A20E-349A44540D5B}"
EndProject
Project("{FAE04EC0-301F-11D3-BF4B-00C04F79EFBC}") = "Bussines", "Bussines\Bussines.csproj", "{BCDE69FE-23E1-49CF-81CC-E1137F978BBD}"
EndProject
Project("{FAE04EC0-301F-11D3-BF4B-00C04F79EFBC}") = "Data", "Data\Data.csproj", "{040CAAB8-BFB5-4771-8032-3EA40D3FEE76}"
EndProject
Global
	GlobalSection(SolutionConfigurationPlatforms) = preSolution
		Debug|Any CPU = Debug|Any CPU
		Release|Any CPU = Release|Any CPU
	EndGlobalSection
	GlobalSection(ProjectConfigurationPlatforms) = postSolution
		{5C8C6B93-856A-4898-94FC-4F13A180B356}.Debug|Any CPU.ActiveCfg = Debug|Any CPU
		{5C8C6B93-856A-4898-94FC-4F13A180B356}.Debug|Any CPU.Build.0 = Debug|Any CPU
		{5C8C6B93-856A-4898-94FC-4F13A180B356}.Release|Any CPU.ActiveCfg = Release|Any CPU
		{5C8C6B93-856A-4898-94FC-4F13A180B356}.Release|Any CPU.Build.0 = Release|Any CPU
		{58494B55-0D78-42D2-A20E-349A44540D5B}.Debug|Any CPU.ActiveCfg = Debug|Any CPU
		{58494B55-0D78-42D2-A20E-349A44540D5B}.Debug|Any CPU.Build.0 = Debug|Any CPU
		{58494B55-0D78-42D2-A20E-349A44540D5B}.Release|Any CPU.ActiveCfg = Release|Any CPU
		{58494B55-0D78-42D2-A20E-349A44540D5B}.Release|Any CPU.Build.0 = Release|Any CPU
		{BCDE69FE-23E1-49CF-81CC-E1137F978BBD}.Debug|Any CPU.ActiveCfg = Debug|Any CPU
		{BCDE69FE-23E1-49CF-81CC-E1137F978BBD}.Debug|Any CPU.Build.0 = Debug|Any CPU
		{BCDE69FE-23E1-49CF-81CC-E1137F978BBD}.Release|Any CPU.ActiveCfg = Release|Any CPU
		{BCDE69FE-23E1-49CF-81CC-E1137F978BBD}.Release|Any CPU.Build.0 = Release|Any CPU
		{040CAAB8-BFB5-4771-8032-3EA40D3FEE76}.Debug|Any CPU.ActiveCfg = Debug|Any CPU
		{040CAAB8-BFB5-4771-8032-3EA40D3FEE76}.Debug|Any CPU.Build.0 = Debug|Any CPU
		{040CAAB8-BFB5-4771-8032-3EA40D3FEE76}.Release|Any CPU.ActiveCfg = Release|Any CPU
		{040CAAB8-BFB5-4771-8032-3EA40D3FEE76}.Release|Any CPU.Build.0 = Release|Any CPU
	EndGlobalSection
	GlobalSection(SolutionProperties) = preSolution
		HideSolutionNode = FALSE
	EndGlobalSection
	GlobalSection(ExtensibilityGlobals) = postSolution
		SolutionGuid = {0D0C2F71-1C39-42DA-8012-783CBD7C01A7}
	EndGlobalSection
EndGlobal
